
Microsoft Visual Studio Solution File, Format Version 12.00
# Visual Studio Version 16
VisualStudioVersion = 16.0.31313.79
MinimumVisualStudioVersion = 10.0.40219.1
Project("{9A19103F-16F7-4668-BE54-9A1E7A4F7556}") = "powerbiauditapp", "powerbiauditapp\powerbiauditapp.csproj", "{347E34C5-DB6D-4C86-93C6-A85BAB23FBCE}"
EndProject
Global
	GlobalSection(SolutionConfigurationPlatforms) = preSolution
		Debug|Any CPU = Debug|Any CPU
		Release|Any CPU = Release|Any CPU
	EndGlobalSection
	GlobalSection(ProjectConfigurationPlatforms) = postSolution
		{347E34C5-DB6D-4C86-93C6-A85BAB23FBCE}.Debug|Any CPU.ActiveCfg = Debug|Any CPU
		{347E34C5-DB6D-4C86-93C6-A85BAB23FBCE}.Debug|Any CPU.Build.0 = Debug|Any CPU
		{347E34C5-DB6D-4C86-93C6-A85BAB23FBCE}.Release|Any CPU.ActiveCfg = Release|Any CPU
		{347E34C5-DB6D-4C86-93C6-A85BAB23FBCE}.Release|Any CPU.Build.0 = Release|Any CPU
	EndGlobalSection
	GlobalSection(SolutionProperties) = preSolution
		HideSolutionNode = FALSE
	EndGlobalSection
	GlobalSection(ExtensibilityGlobals) = postSolution
		SolutionGuid = {B737A9D6-C39B-4B17-AB20-CFE5E477B885}
	EndGlobalSection
EndGlobal
