
Microsoft Visual Studio Solution File, Format Version 12.00
# Visual Studio Version 17
VisualStudioVersion = 17.0.31808.319
MinimumVisualStudioVersion = 10.0.40219.1
Project("{9A19103F-16F7-4668-BE54-9A1E7A4F7556}") = "PowerBiAuditApp", "PowerBiAuditApp\PowerBiAuditApp.csproj", "{20FCC2E3-E5CB-41B5-B43D-DEAC9C4C0B66}"
EndProject
Global
	GlobalSection(SolutionConfigurationPlatforms) = preSolution
		Debug|Any CPU = Debug|Any CPU
		Release|Any CPU = Release|Any CPU
	EndGlobalSection
	GlobalSection(ProjectConfigurationPlatforms) = postSolution
		{20FCC2E3-E5CB-41B5-B43D-DEAC9C4C0B66}.Debug|Any CPU.ActiveCfg = Debug|Any CPU
		{20FCC2E3-E5CB-41B5-B43D-DEAC9C4C0B66}.Debug|Any CPU.Build.0 = Debug|Any CPU
		{20FCC2E3-E5CB-41B5-B43D-DEAC9C4C0B66}.Release|Any CPU.ActiveCfg = Release|Any CPU
		{20FCC2E3-E5CB-41B5-B43D-DEAC9C4C0B66}.Release|Any CPU.Build.0 = Release|Any CPU
	EndGlobalSection
	GlobalSection(SolutionProperties) = preSolution
		HideSolutionNode = FALSE
	EndGlobalSection
	GlobalSection(ExtensibilityGlobals) = postSolution
		SolutionGuid = {CED2077E-991F-4867-8D9F-E5A6CB977304}
	EndGlobalSection
EndGlobal
