
Microsoft Visual Studio Solution File, Format Version 12.00
# Visual Studio Version 17
VisualStudioVersion = 17.0.31808.319
MinimumVisualStudioVersion = 10.0.40219.1
Project("{9A19103F-16F7-4668-BE54-9A1E7A4F7556}") = "PowerBiAuditApp", "PowerBiAuditApp\PowerBiAuditApp.csproj", "{20FCC2E3-E5CB-41B5-B43D-DEAC9C4C0B66}"
EndProject
Project("{9A19103F-16F7-4668-BE54-9A1E7A4F7556}") = "PowerBiAuditProcessor", "PowerBiAuditProcessor\PowerBiAuditProcessor.csproj", "{7D415992-34C5-4341-93D8-B4D3740BD882}"
EndProject
Project("{2150E333-8FDC-42A3-9474-1A3956D46DE8}") = "Tests", "Tests", "{7E4BD5D3-8E1D-4E04-8906-03F0628217CA}"
EndProject
Project("{9A19103F-16F7-4668-BE54-9A1E7A4F7556}") = "PowerBiAuditProcessor.Tests", "PowerBiAuditProcessor.Tests\PowerBiAuditProcessor.Tests.csproj", "{0052AFB0-AB5C-4EA4-A606-0E1AEC194EBD}"
EndProject
Project("{2150E333-8FDC-42A3-9474-1A3956D46DE8}") = "Solution Items", "Solution Items", "{5FF5B9F3-DBA5-4167-98DE-480F040ABE5B}"
	ProjectSection(SolutionItems) = preProject
		.editorconfig = .editorconfig
	EndProjectSection
EndProject
Global
	GlobalSection(SolutionConfigurationPlatforms) = preSolution
		Debug|Any CPU = Debug|Any CPU
		Release|Any CPU = Release|Any CPU
	EndGlobalSection
	GlobalSection(ProjectConfigurationPlatforms) = postSolution
		{20FCC2E3-E5CB-41B5-B43D-DEAC9C4C0B66}.Debug|Any CPU.ActiveCfg = Debug|Any CPU
		{20FCC2E3-E5CB-41B5-B43D-DEAC9C4C0B66}.Debug|Any CPU.Build.0 = Debug|Any CPU
		{20FCC2E3-E5CB-41B5-B43D-DEAC9C4C0B66}.Release|Any CPU.ActiveCfg = Release|Any CPU
		{20FCC2E3-E5CB-41B5-B43D-DEAC9C4C0B66}.Release|Any CPU.Build.0 = Release|Any CPU
		{7D415992-34C5-4341-93D8-B4D3740BD882}.Debug|Any CPU.ActiveCfg = Debug|Any CPU
		{7D415992-34C5-4341-93D8-B4D3740BD882}.Debug|Any CPU.Build.0 = Debug|Any CPU
		{7D415992-34C5-4341-93D8-B4D3740BD882}.Release|Any CPU.ActiveCfg = Release|Any CPU
		{7D415992-34C5-4341-93D8-B4D3740BD882}.Release|Any CPU.Build.0 = Release|Any CPU
		{0052AFB0-AB5C-4EA4-A606-0E1AEC194EBD}.Debug|Any CPU.ActiveCfg = Debug|Any CPU
		{0052AFB0-AB5C-4EA4-A606-0E1AEC194EBD}.Debug|Any CPU.Build.0 = Debug|Any CPU
		{0052AFB0-AB5C-4EA4-A606-0E1AEC194EBD}.Release|Any CPU.ActiveCfg = Release|Any CPU
		{0052AFB0-AB5C-4EA4-A606-0E1AEC194EBD}.Release|Any CPU.Build.0 = Release|Any CPU
	EndGlobalSection
	GlobalSection(SolutionProperties) = preSolution
		HideSolutionNode = FALSE
	EndGlobalSection
	GlobalSection(NestedProjects) = preSolution
		{0052AFB0-AB5C-4EA4-A606-0E1AEC194EBD} = {7E4BD5D3-8E1D-4E04-8906-03F0628217CA}
	EndGlobalSection
	GlobalSection(ExtensibilityGlobals) = postSolution
		SolutionGuid = {CED2077E-991F-4867-8D9F-E5A6CB977304}
	EndGlobalSection
EndGlobal
